
Microsoft Visual Studio Solution File, Format Version 12.00
# Visual Studio Version 16
VisualStudioVersion = 16.0.31613.86
MinimumVisualStudioVersion = 10.0.40219.1
Project("{FAE04EC0-301F-11D3-BF4B-00C04F79EFBC}") = "RecountProject", "RecountProject.csproj", "{5D259695-771D-43CD-87A6-F94B68F2AC79}"
EndProject
Global
	GlobalSection(SolutionConfigurationPlatforms) = preSolution
		Debug|Any CPU = Debug|Any CPU
		Release|Any CPU = Release|Any CPU
	EndGlobalSection
	GlobalSection(ProjectConfigurationPlatforms) = postSolution
		{5D259695-771D-43CD-87A6-F94B68F2AC79}.Debug|Any CPU.ActiveCfg = Debug|Any CPU
		{5D259695-771D-43CD-87A6-F94B68F2AC79}.Debug|Any CPU.Build.0 = Debug|Any CPU
		{5D259695-771D-43CD-87A6-F94B68F2AC79}.Release|Any CPU.ActiveCfg = Release|Any CPU
		{5D259695-771D-43CD-87A6-F94B68F2AC79}.Release|Any CPU.Build.0 = Release|Any CPU
	EndGlobalSection
	GlobalSection(SolutionProperties) = preSolution
		HideSolutionNode = FALSE
	EndGlobalSection
	GlobalSection(ExtensibilityGlobals) = postSolution
		SolutionGuid = {EFE8DC47-8159-47E7-930A-FD546A515F37}
	EndGlobalSection
EndGlobal
